
Microsoft Visual Studio Solution File, Format Version 12.00
# Visual Studio Version 16
VisualStudioVersion = 16.0.30225.117
MinimumVisualStudioVersion = 10.0.40219.1
Project("{9A19103F-16F7-4668-BE54-9A1E7A4F7556}") = "Temperature", "Temperature.csproj", "{D6CEFC2D-DCDE-4669-AA5F-5923385BA076}"
EndProject
Global
	GlobalSection(SolutionConfigurationPlatforms) = preSolution
		Debug|Any CPU = Debug|Any CPU
		Release|Any CPU = Release|Any CPU
	EndGlobalSection
	GlobalSection(ProjectConfigurationPlatforms) = postSolution
		{D6CEFC2D-DCDE-4669-AA5F-5923385BA076}.Debug|Any CPU.ActiveCfg = Debug|Any CPU
		{D6CEFC2D-DCDE-4669-AA5F-5923385BA076}.Debug|Any CPU.Build.0 = Debug|Any CPU
		{D6CEFC2D-DCDE-4669-AA5F-5923385BA076}.Release|Any CPU.ActiveCfg = Release|Any CPU
		{D6CEFC2D-DCDE-4669-AA5F-5923385BA076}.Release|Any CPU.Build.0 = Release|Any CPU
	EndGlobalSection
	GlobalSection(SolutionProperties) = preSolution
		HideSolutionNode = FALSE
	EndGlobalSection
	GlobalSection(ExtensibilityGlobals) = postSolution
		SolutionGuid = {3CAC5629-A31F-40AB-BFD0-6418BAC4FD2D}
	EndGlobalSection
EndGlobal
